
Microsoft Visual Studio Solution File, Format Version 12.00
# Visual Studio Version 16
VisualStudioVersion = 25.0.1704.1
MinimumVisualStudioVersion = 10.0.40219.1
Project("{FAE04EC0-301F-11D3-BF4B-00C04F79EFBC}") = "asd", "asd\asd.csproj", "{D552C089-C378-43A9-AFA4-7B4B9FE171DA}"
EndProject
Global
	GlobalSection(SolutionConfigurationPlatforms) = preSolution
		Debug|Any CPU = Debug|Any CPU
		Release|Any CPU = Release|Any CPU
	EndGlobalSection
	GlobalSection(ProjectConfigurationPlatforms) = postSolution
		{D552C089-C378-43A9-AFA4-7B4B9FE171DA}.Debug|Any CPU.ActiveCfg = Debug|Any CPU
		{D552C089-C378-43A9-AFA4-7B4B9FE171DA}.Debug|Any CPU.Build.0 = Debug|Any CPU
		{D552C089-C378-43A9-AFA4-7B4B9FE171DA}.Release|Any CPU.ActiveCfg = Release|Any CPU
		{D552C089-C378-43A9-AFA4-7B4B9FE171DA}.Release|Any CPU.Build.0 = Release|Any CPU
	EndGlobalSection
	GlobalSection(SolutionProperties) = preSolution
		HideSolutionNode = FALSE
	EndGlobalSection
	GlobalSection(ExtensibilityGlobals) = postSolution
		SolutionGuid = {5D760B06-EB52-48DA-A0EF-7D43DAD6C8B1}
	EndGlobalSection
EndGlobal
